// !$*UTF8*$!
{
	archiveVersion = 1;
	classes = {
	};
	objectVersion = 46;
	objects = {

/* Begin PBXBuildFile section */
		2B7199301E54A43800F2B0B2 /* AppDelegate.swift in Sources */ = {isa = PBXBuildFile; fileRef = 2B71992F1E54A43800F2B0B2 /* AppDelegate.swift */; };
		2B7199321E54A43800F2B0B2 /* ViewController.swift in Sources */ = {isa = PBXBuildFile; fileRef = 2B7199311E54A43800F2B0B2 /* ViewController.swift */; };
		2B7199351E54A43800F2B0B2 /* Main.storyboard in Resources */ = {isa = PBXBuildFile; fileRef = 2B7199331E54A43800F2B0B2 /* Main.storyboard */; };
		2B7199371E54A43800F2B0B2 /* Assets.xcassets in Resources */ = {isa = PBXBuildFile; fileRef = 2B7199361E54A43800F2B0B2 /* Assets.xcassets */; };
		2B71993A1E54A43800F2B0B2 /* LaunchScreen.storyboard in Resources */ = {isa = PBXBuildFile; fileRef = 2B7199381E54A43800F2B0B2 /* LaunchScreen.storyboard */; };
		2B7199451E54A43800F2B0B2 /* AdditionAppTests.swift in Sources */ = {isa = PBXBuildFile; fileRef = 2B7199441E54A43800F2B0B2 /* AdditionAppTests.swift */; };
		2B7199501E54A43800F2B0B2 /* AdditionAppUITests.swift in Sources */ = {isa = PBXBuildFile; fileRef = 2B71994F1E54A43800F2B0B2 /* AdditionAppUITests.swift */; };
		2B71996D1E56117300F2B0B2 /* apple.png in Resources */ = {isa = PBXBuildFile; fileRef = 2B71995D1E56117300F2B0B2 /* apple.png */; };
		2B71996E1E56117300F2B0B2 /* number0.png in Resources */ = {isa = PBXBuildFile; fileRef = 2B71995E1E56117300F2B0B2 /* number0.png */; };
		2B71996F1E56117300F2B0B2 /* number1.png in Resources */ = {isa = PBXBuildFile; fileRef = 2B71995F1E56117300F2B0B2 /* number1.png */; };
		2B7199701E56117300F2B0B2 /* number2.png in Resources */ = {isa = PBXBuildFile; fileRef = 2B7199601E56117300F2B0B2 /* number2.png */; };
		2B7199711E56117300F2B0B2 /* number3.png in Resources */ = {isa = PBXBuildFile; fileRef = 2B7199611E56117300F2B0B2 /* number3.png */; };
		2B7199721E56117300F2B0B2 /* number4.png in Resources */ = {isa = PBXBuildFile; fileRef = 2B7199621E56117300F2B0B2 /* number4.png */; };
		2B7199731E56117300F2B0B2 /* number5.png in Resources */ = {isa = PBXBuildFile; fileRef = 2B7199631E56117300F2B0B2 /* number5.png */; };
		2B7199741E56117300F2B0B2 /* number6.png in Resources */ = {isa = PBXBuildFile; fileRef = 2B7199641E56117300F2B0B2 /* number6.png */; };
		2B7199751E56117300F2B0B2 /* number7.png in Resources */ = {isa = PBXBuildFile; fileRef = 2B7199651E56117300F2B0B2 /* number7.png */; };
		2B7199761E56117300F2B0B2 /* number8.png in Resources */ = {isa = PBXBuildFile; fileRef = 2B7199661E56117300F2B0B2 /* number8.png */; };
		2B7199771E56117300F2B0B2 /* number9.png in Resources */ = {isa = PBXBuildFile; fileRef = 2B7199671E56117300F2B0B2 /* number9.png */; };
		2B7199781E56117300F2B0B2 /* plate_white.png in Resources */ = {isa = PBXBuildFile; fileRef = 2B7199681E56117300F2B0B2 /* plate_white.png */; };
		2B7199791E56117300F2B0B2 /* plate.png in Resources */ = {isa = PBXBuildFile; fileRef = 2B7199691E56117300F2B0B2 /* plate.png */; };
		2B71997A1E56117300F2B0B2 /* play_again.png in Resources */ = {isa = PBXBuildFile; fileRef = 2B71996A1E56117300F2B0B2 /* play_again.png */; };
		2B71997B1E56117300F2B0B2 /* star_kids.png in Resources */ = {isa = PBXBuildFile; fileRef = 2B71996B1E56117300F2B0B2 /* star_kids.png */; };
		2B71997C1E56117300F2B0B2 /* thumbs_up.png in Resources */ = {isa = PBXBuildFile; fileRef = 2B71996C1E56117300F2B0B2 /* thumbs_up.png */; };
		2B7199801E57F50000F2B0B2 /* DraggedImage.swift in Sources */ = {isa = PBXBuildFile; fileRef = 2B71997F1E57F50000F2B0B2 /* DraggedImage.swift */; };
/* End PBXBuildFile section */

/* Begin PBXContainerItemProxy section */
		2B7199411E54A43800F2B0B2 /* PBXContainerItemProxy */ = {
			isa = PBXContainerItemProxy;
			containerPortal = 2B7199241E54A43700F2B0B2 /* Project object */;
			proxyType = 1;
			remoteGlobalIDString = 2B71992B1E54A43700F2B0B2;
			remoteInfo = AdditionApp;
		};
		2B71994C1E54A43800F2B0B2 /* PBXContainerItemProxy */ = {
			isa = PBXContainerItemProxy;
			containerPortal = 2B7199241E54A43700F2B0B2 /* Project object */;
			proxyType = 1;
			remoteGlobalIDString = 2B71992B1E54A43700F2B0B2;
			remoteInfo = AdditionApp;
		};
/* End PBXContainerItemProxy section */

/* Begin PBXFileReference section */
		2B71992C1E54A43700F2B0B2 /* AdditionApp.app */ = {isa = PBXFileReference; explicitFileType = wrapper.application; includeInIndex = 0; path = AdditionApp.app; sourceTree = BUILT_PRODUCTS_DIR; };
		2B71992F1E54A43800F2B0B2 /* AppDelegate.swift */ = {isa = PBXFileReference; lastKnownFileType = sourcecode.swift; path = AppDelegate.swift; sourceTree = "<group>"; };
		2B7199311E54A43800F2B0B2 /* ViewController.swift */ = {isa = PBXFileReference; lastKnownFileType = sourcecode.swift; path = ViewController.swift; sourceTree = "<group>"; };
		2B7199341E54A43800F2B0B2 /* Base */ = {isa = PBXFileReference; lastKnownFileType = file.storyboard; name = Base; path = Base.lproj/Main.storyboard; sourceTree = "<group>"; };
		2B7199361E54A43800F2B0B2 /* Assets.xcassets */ = {isa = PBXFileReference; lastKnownFileType = folder.assetcatalog; path = Assets.xcassets; sourceTree = "<group>"; };
		2B7199391E54A43800F2B0B2 /* Base */ = {isa = PBXFileReference; lastKnownFileType = file.storyboard; name = Base; path = Base.lproj/LaunchScreen.storyboard; sourceTree = "<group>"; };
		2B71993B1E54A43800F2B0B2 /* Info.plist */ = {isa = PBXFileReference; lastKnownFileType = text.plist.xml; path = Info.plist; sourceTree = "<group>"; };
		2B7199401E54A43800F2B0B2 /* AdditionAppTests.xctest */ = {isa = PBXFileReference; explicitFileType = wrapper.cfbundle; includeInIndex = 0; path = AdditionAppTests.xctest; sourceTree = BUILT_PRODUCTS_DIR; };
		2B7199441E54A43800F2B0B2 /* AdditionAppTests.swift */ = {isa = PBXFileReference; lastKnownFileType = sourcecode.swift; path = AdditionAppTests.swift; sourceTree = "<group>"; };
		2B7199461E54A43800F2B0B2 /* Info.plist */ = {isa = PBXFileReference; lastKnownFileType = text.plist.xml; path = Info.plist; sourceTree = "<group>"; };
		2B71994B1E54A43800F2B0B2 /* AdditionAppUITests.xctest */ = {isa = PBXFileReference; explicitFileType = wrapper.cfbundle; includeInIndex = 0; path = AdditionAppUITests.xctest; sourceTree = BUILT_PRODUCTS_DIR; };
		2B71994F1E54A43800F2B0B2 /* AdditionAppUITests.swift */ = {isa = PBXFileReference; lastKnownFileType = sourcecode.swift; path = AdditionAppUITests.swift; sourceTree = "<group>"; };
		2B7199511E54A43800F2B0B2 /* Info.plist */ = {isa = PBXFileReference; lastKnownFileType = text.plist.xml; path = Info.plist; sourceTree = "<group>"; };
		2B71995D1E56117300F2B0B2 /* apple.png */ = {isa = PBXFileReference; lastKnownFileType = image.png; name = apple.png; path = "../../../../../../Downloads/images-2/apple.png"; sourceTree = "<group>"; };
		2B71995E1E56117300F2B0B2 /* number0.png */ = {isa = PBXFileReference; lastKnownFileType = image.png; name = number0.png; path = "../../../../../../Downloads/images-2/number0.png"; sourceTree = "<group>"; };
		2B71995F1E56117300F2B0B2 /* number1.png */ = {isa = PBXFileReference; lastKnownFileType = image.png; name = number1.png; path = "../../../../../../Downloads/images-2/number1.png"; sourceTree = "<group>"; };
		2B7199601E56117300F2B0B2 /* number2.png */ = {isa = PBXFileReference; lastKnownFileType = image.png; name = number2.png; path = "../../../../../../Downloads/images-2/number2.png"; sourceTree = "<group>"; };
		2B7199611E56117300F2B0B2 /* number3.png */ = {isa = PBXFileReference; lastKnownFileType = image.png; name = number3.png; path = "../../../../../../Downloads/images-2/number3.png"; sourceTree = "<group>"; };
		2B7199621E56117300F2B0B2 /* number4.png */ = {isa = PBXFileReference; lastKnownFileType = image.png; name = number4.png; path = "../../../../../../Downloads/images-2/number4.png"; sourceTree = "<group>"; };
		2B7199631E56117300F2B0B2 /* number5.png */ = {isa = PBXFileReference; lastKnownFileType = image.png; name = number5.png; path = "../../../../../../Downloads/images-2/number5.png"; sourceTree = "<group>"; };
		2B7199641E56117300F2B0B2 /* number6.png */ = {isa = PBXFileReference; lastKnownFileType = image.png; name = number6.png; path = "../../../../../../Downloads/images-2/number6.png"; sourceTree = "<group>"; };
		2B7199651E56117300F2B0B2 /* number7.png */ = {isa = PBXFileReference; lastKnownFileType = image.png; name = number7.png; path = "../../../../../../Downloads/images-2/number7.png"; sourceTree = "<group>"; };
		2B7199661E56117300F2B0B2 /* number8.png */ = {isa = PBXFileReference; lastKnownFileType = image.png; name = number8.png; path = "../../../../../../Downloads/images-2/number8.png"; sourceTree = "<group>"; };
		2B7199671E56117300F2B0B2 /* number9.png */ = {isa = PBXFileReference; lastKnownFileType = image.png; name = number9.png; path = "../../../../../../Downloads/images-2/number9.png"; sourceTree = "<group>"; };
		2B7199681E56117300F2B0B2 /* plate_white.png */ = {isa = PBXFileReference; lastKnownFileType = image.png; name = plate_white.png; path = "../../../../../../Downloads/images-2/plate_white.png"; sourceTree = "<group>"; };
		2B7199691E56117300F2B0B2 /* plate.png */ = {isa = PBXFileReference; lastKnownFileType = image.png; name = plate.png; path = "../../../../../../Downloads/images-2/plate.png"; sourceTree = "<group>"; };
		2B71996A1E56117300F2B0B2 /* play_again.png */ = {isa = PBXFileReference; lastKnownFileType = image.png; name = play_again.png; path = "../../../../../../Downloads/images-2/play_again.png"; sourceTree = "<group>"; };
		2B71996B1E56117300F2B0B2 /* star_kids.png */ = {isa = PBXFileReference; lastKnownFileType = image.png; name = star_kids.png; path = "../../../../../../Downloads/images-2/star_kids.png"; sourceTree = "<group>"; };
		2B71996C1E56117300F2B0B2 /* thumbs_up.png */ = {isa = PBXFileReference; lastKnownFileType = image.png; name = thumbs_up.png; path = "../../../../../../Downloads/images-2/thumbs_up.png"; sourceTree = "<group>"; };
		2B71997F1E57F50000F2B0B2 /* DraggedImage.swift */ = {isa = PBXFileReference; fileEncoding = 4; lastKnownFileType = sourcecode.swift; path = DraggedImage.swift; sourceTree = "<group>"; };
/* End PBXFileReference section */

/* Begin PBXFrameworksBuildPhase section */
		2B7199291E54A43700F2B0B2 /* Frameworks */ = {
			isa = PBXFrameworksBuildPhase;
			buildActionMask = 2147483647;
			files = (
			);
			runOnlyForDeploymentPostprocessing = 0;
		};
		2B71993D1E54A43800F2B0B2 /* Frameworks */ = {
			isa = PBXFrameworksBuildPhase;
			buildActionMask = 2147483647;
			files = (
			);
			runOnlyForDeploymentPostprocessing = 0;
		};
		2B7199481E54A43800F2B0B2 /* Frameworks */ = {
			isa = PBXFrameworksBuildPhase;
			buildActionMask = 2147483647;
			files = (
			);
			runOnlyForDeploymentPostprocessing = 0;
		};
/* End PBXFrameworksBuildPhase section */

/* Begin PBXGroup section */
		2B7199231E54A43700F2B0B2 = {
			isa = PBXGroup;
			children = (
				2B71995D1E56117300F2B0B2 /* apple.png */,
				2B71995E1E56117300F2B0B2 /* number0.png */,
				2B71995F1E56117300F2B0B2 /* number1.png */,
				2B7199601E56117300F2B0B2 /* number2.png */,
				2B7199611E56117300F2B0B2 /* number3.png */,
				2B7199621E56117300F2B0B2 /* number4.png */,
				2B7199631E56117300F2B0B2 /* number5.png */,
				2B7199641E56117300F2B0B2 /* number6.png */,
				2B7199651E56117300F2B0B2 /* number7.png */,
				2B7199661E56117300F2B0B2 /* number8.png */,
				2B7199671E56117300F2B0B2 /* number9.png */,
				2B7199681E56117300F2B0B2 /* plate_white.png */,
				2B7199691E56117300F2B0B2 /* plate.png */,
				2B71996A1E56117300F2B0B2 /* play_again.png */,
				2B71996B1E56117300F2B0B2 /* star_kids.png */,
				2B71996C1E56117300F2B0B2 /* thumbs_up.png */,
				2B71992E1E54A43800F2B0B2 /* AdditionApp */,
				2B7199431E54A43800F2B0B2 /* AdditionAppTests */,
				2B71994E1E54A43800F2B0B2 /* AdditionAppUITests */,
				2B71992D1E54A43700F2B0B2 /* Products */,
			);
			sourceTree = "<group>";
		};
		2B71992D1E54A43700F2B0B2 /* Products */ = {
			isa = PBXGroup;
			children = (
				2B71992C1E54A43700F2B0B2 /* AdditionApp.app */,
				2B7199401E54A43800F2B0B2 /* AdditionAppTests.xctest */,
				2B71994B1E54A43800F2B0B2 /* AdditionAppUITests.xctest */,
			);
			name = Products;
			sourceTree = "<group>";
		};
		2B71992E1E54A43800F2B0B2 /* AdditionApp */ = {
			isa = PBXGroup;
			children = (
				2B71992F1E54A43800F2B0B2 /* AppDelegate.swift */,
				2B7199311E54A43800F2B0B2 /* ViewController.swift */,
				2B7199331E54A43800F2B0B2 /* Main.storyboard */,
				2B71997F1E57F50000F2B0B2 /* DraggedImage.swift */,
				2B7199361E54A43800F2B0B2 /* Assets.xcassets */,
				2B7199381E54A43800F2B0B2 /* LaunchScreen.storyboard */,
				2B71993B1E54A43800F2B0B2 /* Info.plist */,
			);
			path = AdditionApp;
			sourceTree = "<group>";
		};
		2B7199431E54A43800F2B0B2 /* AdditionAppTests */ = {
			isa = PBXGroup;
			children = (
				2B7199441E54A43800F2B0B2 /* AdditionAppTests.swift */,
				2B7199461E54A43800F2B0B2 /* Info.plist */,
			);
			path = AdditionAppTests;
			sourceTree = "<group>";
		};
		2B71994E1E54A43800F2B0B2 /* AdditionAppUITests */ = {
			isa = PBXGroup;
			children = (
				2B71994F1E54A43800F2B0B2 /* AdditionAppUITests.swift */,
				2B7199511E54A43800F2B0B2 /* Info.plist */,
			);
			path = AdditionAppUITests;
			sourceTree = "<group>";
		};
/* End PBXGroup section */

/* Begin PBXNativeTarget section */
		2B71992B1E54A43700F2B0B2 /* AdditionApp */ = {
			isa = PBXNativeTarget;
			buildConfigurationList = 2B7199541E54A43800F2B0B2 /* Build configuration list for PBXNativeTarget "AdditionApp" */;
			buildPhases = (
				2B7199281E54A43700F2B0B2 /* Sources */,
				2B7199291E54A43700F2B0B2 /* Frameworks */,
				2B71992A1E54A43700F2B0B2 /* Resources */,
			);
			buildRules = (
			);
			dependencies = (
			);
			name = AdditionApp;
			productName = AdditionApp;
			productReference = 2B71992C1E54A43700F2B0B2 /* AdditionApp.app */;
			productType = "com.apple.product-type.application";
		};
		2B71993F1E54A43800F2B0B2 /* AdditionAppTests */ = {
			isa = PBXNativeTarget;
			buildConfigurationList = 2B7199571E54A43800F2B0B2 /* Build configuration list for PBXNativeTarget "AdditionAppTests" */;
			buildPhases = (
				2B71993C1E54A43800F2B0B2 /* Sources */,
				2B71993D1E54A43800F2B0B2 /* Frameworks */,
				2B71993E1E54A43800F2B0B2 /* Resources */,
			);
			buildRules = (
			);
			dependencies = (
				2B7199421E54A43800F2B0B2 /* PBXTargetDependency */,
			);
			name = AdditionAppTests;
			productName = AdditionAppTests;
			productReference = 2B7199401E54A43800F2B0B2 /* AdditionAppTests.xctest */;
			productType = "com.apple.product-type.bundle.unit-test";
		};
		2B71994A1E54A43800F2B0B2 /* AdditionAppUITests */ = {
			isa = PBXNativeTarget;
			buildConfigurationList = 2B71995A1E54A43800F2B0B2 /* Build configuration list for PBXNativeTarget "AdditionAppUITests" */;
			buildPhases = (
				2B7199471E54A43800F2B0B2 /* Sources */,
				2B7199481E54A43800F2B0B2 /* Frameworks */,
				2B7199491E54A43800F2B0B2 /* Resources */,
			);
			buildRules = (
			);
			dependencies = (
				2B71994D1E54A43800F2B0B2 /* PBXTargetDependency */,
			);
			name = AdditionAppUITests;
			productName = AdditionAppUITests;
			productReference = 2B71994B1E54A43800F2B0B2 /* AdditionAppUITests.xctest */;
			productType = "com.apple.product-type.bundle.ui-testing";
		};
/* End PBXNativeTarget section */

/* Begin PBXProject section */
		2B7199241E54A43700F2B0B2 /* Project object */ = {
			isa = PBXProject;
			attributes = {
				LastSwiftUpdateCheck = 0730;
				LastUpgradeCheck = 0730;
				ORGANIZATIONNAME = Dean;
				TargetAttributes = {
					2B71992B1E54A43700F2B0B2 = {
						CreatedOnToolsVersion = 7.3.1;
					};
					2B71993F1E54A43800F2B0B2 = {
						CreatedOnToolsVersion = 7.3.1;
						TestTargetID = 2B71992B1E54A43700F2B0B2;
					};
					2B71994A1E54A43800F2B0B2 = {
						CreatedOnToolsVersion = 7.3.1;
						TestTargetID = 2B71992B1E54A43700F2B0B2;
					};
				};
			};
			buildConfigurationList = 2B7199271E54A43700F2B0B2 /* Build configuration list for PBXProject "AdditionApp" */;
			compatibilityVersion = "Xcode 3.2";
			developmentRegion = English;
			hasScannedForEncodings = 0;
			knownRegions = (
				en,
				Base,
			);
			mainGroup = 2B7199231E54A43700F2B0B2;
			productRefGroup = 2B71992D1E54A43700F2B0B2 /* Products */;
			projectDirPath = "";
			projectRoot = "";
			targets = (
				2B71992B1E54A43700F2B0B2 /* AdditionApp */,
				2B71993F1E54A43800F2B0B2 /* AdditionAppTests */,
				2B71994A1E54A43800F2B0B2 /* AdditionAppUITests */,
			);
		};
/* End PBXProject section */

/* Begin PBXResourcesBuildPhase section */
		2B71992A1E54A43700F2B0B2 /* Resources */ = {
			isa = PBXResourcesBuildPhase;
			buildActionMask = 2147483647;
			files = (
				2B71993A1E54A43800F2B0B2 /* LaunchScreen.storyboard in Resources */,
				2B7199761E56117300F2B0B2 /* number8.png in Resources */,
				2B7199791E56117300F2B0B2 /* plate.png in Resources */,
				2B7199371E54A43800F2B0B2 /* Assets.xcassets in Resources */,
				2B7199751E56117300F2B0B2 /* number7.png in Resources */,
				2B7199731E56117300F2B0B2 /* number5.png in Resources */,
				2B7199711E56117300F2B0B2 /* number3.png in Resources */,
				2B7199781E56117300F2B0B2 /* plate_white.png in Resources */,
				2B71996F1E56117300F2B0B2 /* number1.png in Resources */,
				2B71996E1E56117300F2B0B2 /* number0.png in Resources */,
				2B7199721E56117300F2B0B2 /* number4.png in Resources */,
				2B71996D1E56117300F2B0B2 /* apple.png in Resources */,
				2B7199701E56117300F2B0B2 /* number2.png in Resources */,
				2B7199351E54A43800F2B0B2 /* Main.storyboard in Resources */,
				2B7199771E56117300F2B0B2 /* number9.png in Resources */,
				2B71997C1E56117300F2B0B2 /* thumbs_up.png in Resources */,
				2B7199741E56117300F2B0B2 /* number6.png in Resources */,
				2B71997B1E56117300F2B0B2 /* star_kids.png in Resources */,
				2B71997A1E56117300F2B0B2 /* play_again.png in Resources */,
			);
			runOnlyForDeploymentPostprocessing = 0;
		};
		2B71993E1E54A43800F2B0B2 /* Resources */ = {
			isa = PBXResourcesBuildPhase;
			buildActionMask = 2147483647;
			files = (
			);
			runOnlyForDeploymentPostprocessing = 0;
		};
		2B7199491E54A43800F2B0B2 /* Resources */ = {
			isa = PBXResourcesBuildPhase;
			buildActionMask = 2147483647;
			files = (
			);
			runOnlyForDeploymentPostprocessing = 0;
		};
/* End PBXResourcesBuildPhase section */

/* Begin PBXSourcesBuildPhase section */
		2B7199281E54A43700F2B0B2 /* Sources */ = {
			isa = PBXSourcesBuildPhase;
			buildActionMask = 2147483647;
			files = (
				2B7199321E54A43800F2B0B2 /* ViewController.swift in Sources */,
				2B7199801E57F50000F2B0B2 /* DraggedImage.swift in Sources */,
				2B7199301E54A43800F2B0B2 /* AppDelegate.swift in Sources */,
			);
			runOnlyForDeploymentPostprocessing = 0;
		};
		2B71993C1E54A43800F2B0B2 /* Sources */ = {
			isa = PBXSourcesBuildPhase;
			buildActionMask = 2147483647;
			files = (
				2B7199451E54A43800F2B0B2 /* AdditionAppTests.swift in Sources */,
			);
			runOnlyForDeploymentPostprocessing = 0;
		};
		2B7199471E54A43800F2B0B2 /* Sources */ = {
			isa = PBXSourcesBuildPhase;
			buildActionMask = 2147483647;
			files = (
				2B7199501E54A43800F2B0B2 /* AdditionAppUITests.swift in Sources */,
			);
			runOnlyForDeploymentPostprocessing = 0;
		};
/* End PBXSourcesBuildPhase section */

/* Begin PBXTargetDependency section */
		2B7199421E54A43800F2B0B2 /* PBXTargetDependency */ = {
			isa = PBXTargetDependency;
			target = 2B71992B1E54A43700F2B0B2 /* AdditionApp */;
			targetProxy = 2B7199411E54A43800F2B0B2 /* PBXContainerItemProxy */;
		};
		2B71994D1E54A43800F2B0B2 /* PBXTargetDependency */ = {
			isa = PBXTargetDependency;
			target = 2B71992B1E54A43700F2B0B2 /* AdditionApp */;
			targetProxy = 2B71994C1E54A43800F2B0B2 /* PBXContainerItemProxy */;
		};
/* End PBXTargetDependency section */

/* Begin PBXVariantGroup section */
		2B7199331E54A43800F2B0B2 /* Main.storyboard */ = {
			isa = PBXVariantGroup;
			children = (
				2B7199341E54A43800F2B0B2 /* Base */,
			);
			name = Main.storyboard;
			sourceTree = "<group>";
		};
		2B7199381E54A43800F2B0B2 /* LaunchScreen.storyboard */ = {
			isa = PBXVariantGroup;
			children = (
				2B7199391E54A43800F2B0B2 /* Base */,
			);
			name = LaunchScreen.storyboard;
			sourceTree = "<group>";
		};
/* End PBXVariantGroup section */

/* Begin XCBuildConfiguration section */
		2B7199521E54A43800F2B0B2 /* Debug */ = {
			isa = XCBuildConfiguration;
			buildSettings = {
				ALWAYS_SEARCH_USER_PATHS = NO;
				CLANG_ANALYZER_NONNULL = YES;
				CLANG_CXX_LANGUAGE_STANDARD = "gnu++0x";
				CLANG_CXX_LIBRARY = "libc++";
				CLANG_ENABLE_MODULES = YES;
				CLANG_ENABLE_OBJC_ARC = YES;
				CLANG_WARN_BOOL_CONVERSION = YES;
				CLANG_WARN_CONSTANT_CONVERSION = YES;
				CLANG_WARN_DIRECT_OBJC_ISA_USAGE = YES_ERROR;
				CLANG_WARN_EMPTY_BODY = YES;
				CLANG_WARN_ENUM_CONVERSION = YES;
				CLANG_WARN_INT_CONVERSION = YES;
				CLANG_WARN_OBJC_ROOT_CLASS = YES_ERROR;
				CLANG_WARN_UNREACHABLE_CODE = YES;
				CLANG_WARN__DUPLICATE_METHOD_MATCH = YES;
				"CODE_SIGN_IDENTITY[sdk=iphoneos*]" = "iPhone Developer";
				COPY_PHASE_STRIP = NO;
				DEBUG_INFORMATION_FORMAT = dwarf;
				ENABLE_STRICT_OBJC_MSGSEND = YES;
				ENABLE_TESTABILITY = YES;
				GCC_C_LANGUAGE_STANDARD = gnu99;
				GCC_DYNAMIC_NO_PIC = NO;
				GCC_NO_COMMON_BLOCKS = YES;
				GCC_OPTIMIZATION_LEVEL = 0;
				GCC_PREPROCESSOR_DEFINITIONS = (
					"DEBUG=1",
					"$(inherited)",
				);
				GCC_WARN_64_TO_32_BIT_CONVERSION = YES;
				GCC_WARN_ABOUT_RETURN_TYPE = YES_ERROR;
				GCC_WARN_UNDECLARED_SELECTOR = YES;
				GCC_WARN_UNINITIALIZED_AUTOS = YES_AGGRESSIVE;
				GCC_WARN_UNUSED_FUNCTION = YES;
				GCC_WARN_UNUSED_VARIABLE = YES;
				IPHONEOS_DEPLOYMENT_TARGET = 9.3;
				MTL_ENABLE_DEBUG_INFO = YES;
				ONLY_ACTIVE_ARCH = YES;
				SDKROOT = iphoneos;
				SWIFT_OPTIMIZATION_LEVEL = "-Onone";
			};
			name = Debug;
		};
		2B7199531E54A43800F2B0B2 /* Release */ = {
			isa = XCBuildConfiguration;
			buildSettings = {
				ALWAYS_SEARCH_USER_PATHS = NO;
				CLANG_ANALYZER_NONNULL = YES;
				CLANG_CXX_LANGUAGE_STANDARD = "gnu++0x";
				CLANG_CXX_LIBRARY = "libc++";
				CLANG_ENABLE_MODULES = YES;
				CLANG_ENABLE_OBJC_ARC = YES;
				CLANG_WARN_BOOL_CONVERSION = YES;
				CLANG_WARN_CONSTANT_CONVERSION = YES;
				CLANG_WARN_DIRECT_OBJC_ISA_USAGE = YES_ERROR;
				CLANG_WARN_EMPTY_BODY = YES;
				CLANG_WARN_ENUM_CONVERSION = YES;
				CLANG_WARN_INT_CONVERSION = YES;
				CLANG_WARN_OBJC_ROOT_CLASS = YES_ERROR;
				CLANG_WARN_UNREACHABLE_CODE = YES;
				CLANG_WARN__DUPLICATE_METHOD_MATCH = YES;
				"CODE_SIGN_IDENTITY[sdk=iphoneos*]" = "iPhone Developer";
				COPY_PHASE_STRIP = NO;
				DEBUG_INFORMATION_FORMAT = "dwarf-with-dsym";
				ENABLE_NS_ASSERTIONS = NO;
				ENABLE_STRICT_OBJC_MSGSEND = YES;
				GCC_C_LANGUAGE_STANDARD = gnu99;
				GCC_NO_COMMON_BLOCKS = YES;
				GCC_WARN_64_TO_32_BIT_CONVERSION = YES;
				GCC_WARN_ABOUT_RETURN_TYPE = YES_ERROR;
				GCC_WARN_UNDECLARED_SELECTOR = YES;
				GCC_WARN_UNINITIALIZED_AUTOS = YES_AGGRESSIVE;
				GCC_WARN_UNUSED_FUNCTION = YES;
				GCC_WARN_UNUSED_VARIABLE = YES;
				IPHONEOS_DEPLOYMENT_TARGET = 9.3;
				MTL_ENABLE_DEBUG_INFO = NO;
				SDKROOT = iphoneos;
				VALIDATE_PRODUCT = YES;
			};
			name = Release;
		};
		2B7199551E54A43800F2B0B2 /* Debug */ = {
			isa = XCBuildConfiguration;
			buildSettings = {
				ASSETCATALOG_COMPILER_APPICON_NAME = AppIcon;
				INFOPLIST_FILE = AdditionApp/Info.plist;
				LD_RUNPATH_SEARCH_PATHS = "$(inherited) @executable_path/Frameworks";
				PRODUCT_BUNDLE_IDENTIFIER = DXPNetwork.AdditionApp;
				PRODUCT_NAME = "$(TARGET_NAME)";
			};
			name = Debug;
		};
		2B7199561E54A43800F2B0B2 /* Release */ = {
			isa = XCBuildConfiguration;
			buildSettings = {
				ASSETCATALOG_COMPILER_APPICON_NAME = AppIcon;
				INFOPLIST_FILE = AdditionApp/Info.plist;
				LD_RUNPATH_SEARCH_PATHS = "$(inherited) @executable_path/Frameworks";
				PRODUCT_BUNDLE_IDENTIFIER = DXPNetwork.AdditionApp;
				PRODUCT_NAME = "$(TARGET_NAME)";
			};
			name = Release;
		};
		2B7199581E54A43800F2B0B2 /* Debug */ = {
			isa = XCBuildConfiguration;
			buildSettings = {
				BUNDLE_LOADER = "$(TEST_HOST)";
				INFOPLIST_FILE = AdditionAppTests/Info.plist;
				LD_RUNPATH_SEARCH_PATHS = "$(inherited) @executable_path/Frameworks @loader_path/Frameworks";
				PRODUCT_BUNDLE_IDENTIFIER = DXPNetwork.AdditionAppTests;
				PRODUCT_NAME = "$(TARGET_NAME)";
				TEST_HOST = "$(BUILT_PRODUCTS_DIR)/AdditionApp.app/AdditionApp";
			};
			name = Debug;
		};
		2B7199591E54A43800F2B0B2 /* Release */ = {
			isa = XCBuildConfiguration;
			buildSettings = {
				BUNDLE_LOADER = "$(TEST_HOST)";
				INFOPLIST_FILE = AdditionAppTests/Info.plist;
				LD_RUNPATH_SEARCH_PATHS = "$(inherited) @executable_path/Frameworks @loader_path/Frameworks";
				PRODUCT_BUNDLE_IDENTIFIER = DXPNetwork.AdditionAppTests;
				PRODUCT_NAME = "$(TARGET_NAME)";
				TEST_HOST = "$(BUILT_PRODUCTS_DIR)/AdditionApp.app/AdditionApp";
			};
			name = Release;
		};
		2B71995B1E54A43800F2B0B2 /* Debug */ = {
			isa = XCBuildConfiguration;
			buildSettings = {
				INFOPLIST_FILE = AdditionAppUITests/Info.plist;
				LD_RUNPATH_SEARCH_PATHS = "$(inherited) @executable_path/Frameworks @loader_path/Frameworks";
				PRODUCT_BUNDLE_IDENTIFIER = DXPNetwork.AdditionAppUITests;
				PRODUCT_NAME = "$(TARGET_NAME)";
				TEST_TARGET_NAME = AdditionApp;
			};
			name = Debug;
		};
		2B71995C1E54A43800F2B0B2 /* Release */ = {
			isa = XCBuildConfiguration;
			buildSettings = {
				INFOPLIST_FILE = AdditionAppUITests/Info.plist;
				LD_RUNPATH_SEARCH_PATHS = "$(inherited) @executable_path/Frameworks @loader_path/Frameworks";
				PRODUCT_BUNDLE_IDENTIFIER = DXPNetwork.AdditionAppUITests;
				PRODUCT_NAME = "$(TARGET_NAME)";
				TEST_TARGET_NAME = AdditionApp;
			};
			name = Release;
		};
/* End XCBuildConfiguration section */

/* Begin XCConfigurationList section */
		2B7199271E54A43700F2B0B2 /* Build configuration list for PBXProject "AdditionApp" */ = {
			isa = XCConfigurationList;
			buildConfigurations = (
				2B7199521E54A43800F2B0B2 /* Debug */,
				2B7199531E54A43800F2B0B2 /* Release */,
			);
			defaultConfigurationIsVisible = 0;
			defaultConfigurationName = Release;
		};
		2B7199541E54A43800F2B0B2 /* Build configuration list for PBXNativeTarget "AdditionApp" */ = {
			isa = XCConfigurationList;
			buildConfigurations = (
				2B7199551E54A43800F2B0B2 /* Debug */,
				2B7199561E54A43800F2B0B2 /* Release */,
			);
			defaultConfigurationIsVisible = 0;
			defaultConfigurationName = Release;
		};
		2B7199571E54A43800F2B0B2 /* Build configuration list for PBXNativeTarget "AdditionAppTests" */ = {
			isa = XCConfigurationList;
			buildConfigurations = (
				2B7199581E54A43800F2B0B2 /* Debug */,
				2B7199591E54A43800F2B0B2 /* Release */,
			);
			defaultConfigurationIsVisible = 0;
			defaultConfigurationName = Release;
		};
		2B71995A1E54A43800F2B0B2 /* Build configuration list for PBXNativeTarget "AdditionAppUITests" */ = {
			isa = XCConfigurationList;
			buildConfigurations = (
				2B71995B1E54A43800F2B0B2 /* Debug */,
				2B71995C1E54A43800F2B0B2 /* Release */,
			);
			defaultConfigurationIsVisible = 0;
			defaultConfigurationName = Release;
		};
/* End XCConfigurationList section */
	};
	rootObject = 2B7199241E54A43700F2B0B2 /* Project object */;
}
